PODS:
  - Intrepid (0.6.5):
    - Intrepid/Core (= 0.6.5)
  - Intrepid/Core (0.6.5):
    - IP-UIKit-Wisdom (= 0.0.9)
  - Intrepid/Rx (0.6.5):
    - RxCocoa (~> 3.0)
    - RxSwift (~> 3.0)
  - IP-UIKit-Wisdom (0.0.9)
  - RxCocoa (3.0.1):
    - RxSwift (~> 3.0)
  - RxDataSources (1.0.0):
    - RxCocoa (~> 3.0)
    - RxSwift (~> 3.0)
  - RxSwift (3.0.1)

DEPENDENCIES:
  - Intrepid
  - Intrepid/Rx
  - RxCocoa (~> 3.0)
  - RxDataSources (~> 1.0)
  - RxSwift (~> 3.0)

SPEC CHECKSUMS:
  Intrepid: 806c582fedbe9fb051d2c500080f9adce1ed8628
  IP-UIKit-Wisdom: cd9838571e97427a0c61c05d856eaaca9afd7c1a
  RxCocoa: 15a52fc590dcc700cb4a690a633b5c5184ce3a78
  RxDataSources: 824693e84d00781d0a5e5cedc1ff95ce9250aacd
  RxSwift: af5680055c4ad04480189c52d28385b1029493a6

PODFILE CHECKSUM: 950231d2a49c139a281d60cd7b5609159cecb881

COCOAPODS: 1.1.1
