PODS:
  - Intrepid (0.6.4):
    - Intrepid/Core (= 0.6.4)
  - Intrepid/Core (0.6.4):
    - IP-UIKit-Wisdom (= 0.0.9)
  - Intrepid/Rx (0.6.4):
    - RxCocoa (~> 3.0.0-beta.2)
    - RxSwift (~> 3.0.0-beta.2)
  - IP-UIKit-Wisdom (0.0.9)
  - RxCocoa (3.0.1):
    - RxSwift (~> 3.0)
  - RxDataSources (1.0.0):
    - RxCocoa (~> 3.0)
    - RxSwift (~> 3.0)
  - RxSwift (3.0.1)

DEPENDENCIES:
  - Intrepid
  - Intrepid/Rx
  - RxDataSources (~> 1.0)
  - RxSwift

SPEC CHECKSUMS:
  Intrepid: 87cd768917693db289083595e5be4057936eed5e
  IP-UIKit-Wisdom: cd9838571e97427a0c61c05d856eaaca9afd7c1a
  RxCocoa: 15a52fc590dcc700cb4a690a633b5c5184ce3a78
  RxDataSources: 824693e84d00781d0a5e5cedc1ff95ce9250aacd
  RxSwift: af5680055c4ad04480189c52d28385b1029493a6

PODFILE CHECKSUM: 0f28cbada0714507a26588c90cb4532d5572c90f

COCOAPODS: 1.1.1
